
Microsoft Visual Studio Solution File, Format Version 9.00
# Visual Studio 2005
Project("{FAE04EC0-301F-11D3-BF4B-00C04F79EFBC}") = "ASRE", "ASRE\ASRE.csproj", "{0ABB4798-3FC5-4099-AD9C-4FE7DB612CF0}"
EndProject
Global
	GlobalSection(SourceCodeControl) = preSolution
		SccNumberOfProjects = 2
		SccLocalPath0 = .
		SccProjectUniqueName1 = ASRE\\ASRE.csproj
		SccLocalPath1 = .
		SccProjectFilePathRelativizedFromConnection1 = ASRE\\
	EndGlobalSection
	GlobalSection(SolutionConfigurationPlatforms) = preSolution
		Debug|Any CPU = Debug|Any CPU
		Release|Any CPU = Release|Any CPU
	EndGlobalSection
	GlobalSection(ProjectConfigurationPlatforms) = postSolution
		{0ABB4798-3FC5-4099-AD9C-4FE7DB612CF0}.Debug|Any CPU.ActiveCfg = Debug|Any CPU
		{0ABB4798-3FC5-4099-AD9C-4FE7DB612CF0}.Debug|Any CPU.Build.0 = Debug|Any CPU
		{0ABB4798-3FC5-4099-AD9C-4FE7DB612CF0}.Release|Any CPU.ActiveCfg = Release|Any CPU
		{0ABB4798-3FC5-4099-AD9C-4FE7DB612CF0}.Release|Any CPU.Build.0 = Release|Any CPU
	EndGlobalSection
	GlobalSection(SolutionProperties) = preSolution
		HideSolutionNode = FALSE
	EndGlobalSection
EndGlobal
